lockfile_version: '1'
generated_at: '2026-07-03T02:45:50.800041+00:00'
apm_version: 0.21.0
dependencies:
- repo_url: ansanloms/skills
  host: github.com
  resolved_commit: 011fc3425671e458dd7e084505e1ce4c91b9e048
  virtual_path: bluesky
  is_virtual: true
  package_type: claude_skill
  deployed_files:
  - .claude/skills/bluesky
  - .claude/skills/bluesky/SKILL.md
  deployed_file_hashes:
    .claude/skills/bluesky/SKILL.md: sha256:b969ba2a180a033d7cb0d96bc8828c9fdd92daf2a85d74e629aa053aaa112784
  content_hash: sha256:43a9a2ffb6b3fad20ad3cfab3b624200d6a7c4b13f78742d94d4121830f585ab
- repo_url: ansanloms/skills
  host: github.com
  resolved_commit: 011fc3425671e458dd7e084505e1ce4c91b9e048
  virtual_path: discord
  is_virtual: true
  package_type: claude_skill
  deployed_files:
  - .claude/skills/discord
  - .claude/skills/discord/SKILL.md
  deployed_file_hashes:
    .claude/skills/discord/SKILL.md: sha256:b0fb8b8f69b08ee2311e4aa0ad9b4090d5d9cd51bc3b2c10394ab8fa572888ab
  content_hash: sha256:cc09a928c1ab265efaf7179adc7ae31a1f7c18ad66c007344134fb7419044139
- repo_url: ansanloms/skills
  host: github.com
  resolved_commit: 011fc3425671e458dd7e084505e1ce4c91b9e048
  virtual_path: find-docs
  is_virtual: true
  package_type: claude_skill
  deployed_files:
  - .claude/skills/find-docs
  - .claude/skills/find-docs/SKILL.md
  deployed_file_hashes:
    .claude/skills/find-docs/SKILL.md: sha256:f9a1afea99a9f9a880eef532ffd83ae12229ccba67bd6dc9b73464cf31c75e63
  content_hash: sha256:94445c9a1a37763fa03e4a92a8a6a52ce3ee1e75fd8986df901e53bfbd31352d
- repo_url: ansanloms/skills
  host: github.com
  resolved_commit: 011fc3425671e458dd7e084505e1ce4c91b9e048
  virtual_path: jartic-traffic-jam-forecast
  is_virtual: true
  package_type: claude_skill
  deployed_files:
  - .claude/skills/jartic-traffic-jam-forecast
  - .claude/skills/jartic-traffic-jam-forecast/SKILL.md
  deployed_file_hashes:
    .claude/skills/jartic-traffic-jam-forecast/SKILL.md: sha256:c7d141d4e6fd0f7fa24979ed29cac6670bb1f2152162d54d7b48c267d3679bf6
  content_hash: sha256:6952f9e9c195d743da6ee747088e0e8e85de3ae114b3e45528424e0b3d6862b2
- repo_url: ansanloms/skills
  host: github.com
  resolved_commit: 011fc3425671e458dd7e084505e1ce4c91b9e048
  virtual_path: jartic-traffic-volume
  is_virtual: true
  package_type: claude_skill
  deployed_files:
  - .claude/skills/jartic-traffic-volume
  - .claude/skills/jartic-traffic-volume/SKILL.md
  deployed_file_hashes:
    .claude/skills/jartic-traffic-volume/SKILL.md: sha256:a753ecd08edc74c1e07c63ca2ab1c72ada2c8da0bb4fe5d5908e4a51c1bca216
  content_hash: sha256:485002b2171d125b32e656016a4d72f6982b1e5d22ecdd8716f5a02637ad6294
- repo_url: ansanloms/skills
  host: github.com
  resolved_commit: 011fc3425671e458dd7e084505e1ce4c91b9e048
  virtual_path: mountain-weather
  is_virtual: true
  package_type: claude_skill
  deployed_files:
  - .claude/skills/mountain-weather
  - .claude/skills/mountain-weather/SKILL.md
  - .claude/skills/mountain-weather/scripts/.gitignore
  - .claude/skills/mountain-weather/scripts/README.md
  - .claude/skills/mountain-weather/scripts/cli/weekly-index.test.ts
  - .claude/skills/mountain-weather/scripts/cli/weekly-index.ts
  - .claude/skills/mountain-weather/scripts/deno.json
  - .claude/skills/mountain-weather/scripts/deno.lock
  deployed_file_hashes:
    .claude/skills/mountain-weather/SKILL.md: sha256:e89b1e27f772d2fdadea9bb1c6bb3a0f95ec6db6a18a0e4bb6004ad8d6aad777
    .claude/skills/mountain-weather/scripts/.gitignore: sha256:5c5daf48fdf4db42e16c29b5b3de54984bafe0c2ff367a186ca97f1d4ed48290
    .claude/skills/mountain-weather/scripts/README.md: sha256:dbdc9733e681ee9aff997a1f681bf8dca6cd945251d7aae93791473a7ab34258
    .claude/skills/mountain-weather/scripts/cli/weekly-index.test.ts: sha256:da09da77962df3e5076d7cd534f9948daa3a2d99fb1e3539f8201f447385e476
    .claude/skills/mountain-weather/scripts/cli/weekly-index.ts: sha256:2c86d10591f67177d922d4ab09ea25348082361759852a98e204c396416f3ec7
    .claude/skills/mountain-weather/scripts/deno.json: sha256:0be657cd4d3955c4e0de6e8a560a2d3057c7c015436d2d4c3dbc7e5798941213
    .claude/skills/mountain-weather/scripts/deno.lock: sha256:b1e5cebd1c4079c9b211513d91ac200612d45dfd6e56b3ace2477e96eccbb135
  content_hash: sha256:28a516a2d0408a357347d379f5fdd0f190596cae07db49e13d560dfa355c8559
- repo_url: ansanloms/skills
  host: github.com
  resolved_commit: 011fc3425671e458dd7e084505e1ce4c91b9e048
  virtual_path: news-digest
  is_virtual: true
  package_type: claude_skill
  deployed_files:
  - .claude/skills/news-digest
  - .claude/skills/news-digest/SKILL.md
  deployed_file_hashes:
    .claude/skills/news-digest/SKILL.md: sha256:2f115ee55606e5d2ff9d7cb33b8d1023b46a832f3bf8e53dfaefee958882f24a
  content_hash: sha256:eddacd408fae853380ee5209b3317c2dc5c526540057a794fddf29e12aac67a8
- repo_url: ansanloms/skills
  host: github.com
  resolved_commit: 011fc3425671e458dd7e084505e1ce4c91b9e048
  virtual_path: yamareco
  is_virtual: true
  package_type: claude_skill
  deployed_files:
  - .claude/skills/yamareco
  - .claude/skills/yamareco/SKILL.md
  deployed_file_hashes:
    .claude/skills/yamareco/SKILL.md: sha256:93bb4e1fd1c48947a3f33ac767f49a1e07bcc8fff7d15368101092f301761151
  content_hash: sha256:e62149ba34b1500478beeae0b15b186211f3786ac960686b327a1cef831a15a9
